
Microsoft Visual Studio Solution File, Format Version 12.00
# Visual Studio Version 16
VisualStudioVersion = 16.0.31729.503
MinimumVisualStudioVersion = 10.0.40219.1
Project("{FAE04EC0-301F-11D3-BF4B-00C04F79EFBC}") = "RigORGenericRepository", "RigORGenericRepository.csproj", "{F9162FBD-F44A-4753-907D-D53ACFE60B47}"
EndProject
Global
	GlobalSection(SolutionConfigurationPlatforms) = preSolution
		Debug|Any CPU = Debug|Any CPU
		Release|Any CPU = Release|Any CPU
	EndGlobalSection
	GlobalSection(ProjectConfigurationPlatforms) = postSolution
		{F9162FBD-F44A-4753-907D-D53ACFE60B47}.Debug|Any CPU.ActiveCfg = Debug|Any CPU
		{F9162FBD-F44A-4753-907D-D53ACFE60B47}.Debug|Any CPU.Build.0 = Debug|Any CPU
		{F9162FBD-F44A-4753-907D-D53ACFE60B47}.Release|Any CPU.ActiveCfg = Release|Any CPU
		{F9162FBD-F44A-4753-907D-D53ACFE60B47}.Release|Any CPU.Build.0 = Release|Any CPU
	EndGlobalSection
	GlobalSection(SolutionProperties) = preSolution
		HideSolutionNode = FALSE
	EndGlobalSection
	GlobalSection(ExtensibilityGlobals) = postSolution
		SolutionGuid = {DCBC3829-65D5-46CF-9DDF-18A4A410AD4B}
	EndGlobalSection
EndGlobal
